github.com/AspieSoft/go-regex v1.4.0 h1:yFOQ9ZGkiUpCmCySyEZnjyeuTDCF8BFSMWALeSTWvDw=
github.com/AspieSoft/go-regex v1.4.0/go.mod h1:0SpGKvczEwt4D/RYg4u5+pMyP/fkd3Ubhbqvx/Uodn8=
github.com/AspieSoft/go-regex v1.4.1 h1:JONovOUVaw5c0+gF5s7ex8zlMJXJINkkOlknKTMAWGI=
github.com/AspieSoft/go-regex v1.4.1/go.mod h1:0SpGKvczEwt4D/RYg4u5+pMyP/fkd3Ubhbqvx/Uodn8=
github.com/AspieSoft/go-syncterval v1.0.2 h1:kIFS/ZHrySSLonCGN6lcpcwOKST3DmQfxIfqtcoj/lk=
github.com/AspieSoft/go-syncterval v1.0.2/go.mod h1:KDPQRl3rF9/SDALWisEz2eb8APyFpRL0ufJY8QaHuKY=
github.com/AspieSoft/go-ttlcache v1.0.2 h1:G7SdnxhD0JANMG/Swqk/VYM4AfzAQUFMCC36Y3HGETw=
github.com/AspieSoft/go-ttlcache v1.0.2/go.mod h1:+bmizNKJhoosFnjMHjxadfTMQEhvrzAZIJugc5nJuhk=
github.com/AspieSoft/goutil v1.0.0 h1:W73jhhD2pyse3c8wGPfZnYj90tHtVvIPd+YAXVnKeBM=
github.com/AspieSoft/goutil v1.0.0/go.mod h1:S58uvu2yrTZXHAkoZO06p7pJUqeZekJfXQOCSvJtfaU=
github.com/AspieSoft/goutil v1.0.1 h1:cygQkLIjsNFxdbiDzvFTc2cXVtbz8/Bz1m0IkiweizQ=
github.com/AspieSoft/goutil v1.0.1/go.mod h1:S58uvu2yrTZXHAkoZO06p7pJUqeZekJfXQOCSvJtfaU=
github.com/AspieSoft/goutil v1.0.2 h1:RP4t20+mIQ0VUYqHggBC2GC+/RcHD7raPn4hYBEObwk=
github.com/AspieSoft/goutil v1.0.2/go.mod h1:w+Y/IJ7xm4tJxMyj0RrR9WbOeFcgyr9/i1whM706nJg=
github.com/GRbit/go-pcre v1.0.0 h1:Qv/YZ/tr436mFgep3Y0WAzKOZvAKGOGD0cAMwUcsEJo=
github.com/GRbit/go-pcre v1.0.0/go.mod h1:OuMGyux1WcDrKNwDn9MyQLa2kzxQS/xFyVqXFZ/ay0I=
github.com/alphadose/haxmap v0.3.1 h1:P02INS0xIwY0R3E+KRJTPtrlwTvRPYoU2GgoeRk2KbU=
github.com/alphadose/haxmap v0.3.1/go.mod h1:Fu37Wlmj7cR++vSLgRTu3fGy8wpjHGmMypM2aclkc1A=
github.com/drhodes/golorem v0.0.0-20220328165741-da82e5b29246 h1:m0+1paUpmLlBpUxldAEvJZVCrNQpt2iyecCw4TdHdOc=
github.com/drhodes/golorem v0.0.0-20220328165741-da82e5b29246/go.mod h1:NsKVpF4h4j13Vm6Cx7Kf0V03aJKjfaStvm5rvK4+FyQ=
github.com/fsnotify/fsnotify v1.5.4 h1:jRbGcIw6P2Meqdwuo0H1p6JVLbL5DHKAKlYndzMwVZI=
github.com/fsnotify/fsnotify v1.5.4/go.mod h1:OVB6XrOHzAwXMpEM7uPOzcehqUV2UqJxmVXmkdnm1bU=
github.com/gomarkdown/markdown v0.0.0-20220830015526-01a3c37d6f50 h1:tSuUky4sFWjiIIEOefDDBjx5BUIT3kZwcXHM2CNDdTk=
github.com/gomarkdown/markdown v0.0.0-20220830015526-01a3c37d6f50/go.mod h1:JDGcbDT52eL4fju3sZ4TeHGsQwhG9nbDV21aMyhwPoA=
github.com/pbnjay/memory v0.0.0-20210728143218-7b4eea64cf58 h1:onHthvaw9LFnH4t2DcNVpwGmV9E1BkGknEliJkfwQj0=
github.com/pbnjay/memory v0.0.0-20210728143218-7b4eea64cf58/go.mod h1:DXv8WO4yhMYhSNPKjeNKa5WY9YCIEBRbNzFFPJbWO6Y=
golang.org/x/sys v0.0.0-20220412211240-33da011f77ad/go.mod h1:oPkhp1MJrh7nUepCBck5+mAzfO9JrbApNNgaTdGDITg=
golang.org/x/sys v0.0.0-20220829200755-d48e67d00261 h1:v6hYoSR9T5oet+pMXwUWkbiVqx/63mlHjefrHmxwfeY=
golang.org/x/sys v0.0.0-20220829200755-d48e67d00261/go.mod h1:oPkhp1MJrh7nUepCBck5+mAzfO9JrbApNNgaTdGDITg=
