github.com/AspieSoft/go-regex v1.3.3 h1:6Js7H5gw2bBTtMLmX540MAegLuG26u4kOy+ATux3w94=
github.com/AspieSoft/go-regex v1.3.3/go.mod h1:0SpGKvczEwt4D/RYg4u5+pMyP/fkd3Ubhbqvx/Uodn8=
github.com/AspieSoft/go-syncterval v1.0.2 h1:kIFS/ZHrySSLonCGN6lcpcwOKST3DmQfxIfqtcoj/lk=
github.com/AspieSoft/go-syncterval v1.0.2/go.mod h1:KDPQRl3rF9/SDALWisEz2eb8APyFpRL0ufJY8QaHuKY=
github.com/AspieSoft/go-ttlcache v1.0.1 h1:ceYerlpAJGyecQ40olJSYIweAMdN4t6zHwujh1+Kndw=
github.com/AspieSoft/go-ttlcache v1.0.1/go.mod h1:+bmizNKJhoosFnjMHjxadfTMQEhvrzAZIJugc5nJuhk=
github.com/GRbit/go-pcre v1.0.0 h1:Qv/YZ/tr436mFgep3Y0WAzKOZvAKGOGD0cAMwUcsEJo=
github.com/GRbit/go-pcre v1.0.0/go.mod h1:OuMGyux1WcDrKNwDn9MyQLa2kzxQS/xFyVqXFZ/ay0I=
github.com/alphadose/haxmap v0.2.0 h1:lncWIcLQYALBiHLYz3aDuNvp6tcj3rGiHziG9Jrava0=
github.com/alphadose/haxmap v0.2.0/go.mod h1:Fu37Wlmj7cR++vSLgRTu3fGy8wpjHGmMypM2aclkc1A=
github.com/davecgh/go-spew v1.1.1 h1:vj9j/u1bqnvCEfJOwUhtlOARqs3+rkHYY13jYWTU97c=
github.com/drhodes/golorem v0.0.0-20220328165741-da82e5b29246 h1:m0+1paUpmLlBpUxldAEvJZVCrNQpt2iyecCw4TdHdOc=
github.com/drhodes/golorem v0.0.0-20220328165741-da82e5b29246/go.mod h1:NsKVpF4h4j13Vm6Cx7Kf0V03aJKjfaStvm5rvK4+FyQ=
github.com/fsnotify/fsnotify v1.5.4 h1:jRbGcIw6P2Meqdwuo0H1p6JVLbL5DHKAKlYndzMwVZI=
github.com/fsnotify/fsnotify v1.5.4/go.mod h1:OVB6XrOHzAwXMpEM7uPOzcehqUV2UqJxmVXmkdnm1bU=
github.com/gomarkdown/markdown v0.0.0-20220825072242-90efaac57fb4 h1:YOfiTywt9f60GzIFrnor09U0Q3PySmqnyIqvK0o6fzI=
github.com/gomarkdown/markdown v0.0.0-20220825072242-90efaac57fb4/go.mod h1:JDGcbDT52eL4fju3sZ4TeHGsQwhG9nbDV21aMyhwPoA=
github.com/jellydator/ttlcache/v3 v3.0.0 h1:zmFhqrB/4sKiEiJHhtseJsNRE32IMVmJSs4++4gaQO4=
github.com/jellydator/ttlcache/v3 v3.0.0/go.mod h1:WwTaEmcXQ3MTjOm4bsZoDFiCu/hMvNWLO1w67RXz6h4=
github.com/pbnjay/memory v0.0.0-20210728143218-7b4eea64cf58 h1:onHthvaw9LFnH4t2DcNVpwGmV9E1BkGknEliJkfwQj0=
github.com/pbnjay/memory v0.0.0-20210728143218-7b4eea64cf58/go.mod h1:DXv8WO4yhMYhSNPKjeNKa5WY9YCIEBRbNzFFPJbWO6Y=
github.com/pmezard/go-difflib v1.0.0 h1:4DBwDE0NGyQoBHbLQYPwSUPoCMWR5BEzIk/f1lZbAQM=
github.com/stretchr/testify v1.7.0 h1:nwc3DEeHmmLAfoZucVR881uASk0Mfjw8xYJ99tb5CcY=
go.uber.org/goleak v1.1.10 h1:z+mqJhf6ss6BSfSM671tgKyZBFPTTJM+HLxnhPC3wu0=
golang.org/x/lint v0.0.0-20201208152925-83fdc39ff7b5 h1:2M3HP5CCK1Si9FQhwnzYhXdG6DXeebvUHFpre8QvbyI=
golang.org/x/sync v0.0.0-20220819030929-7fc1605a5dde h1:ejfdSekXMDxDLbRrJMwUk6KnSLZ2McaUCVcIKM+N6jc=
golang.org/x/sync v0.0.0-20220819030929-7fc1605a5dde/go.mod h1:RxMgew5VJxzue5/jJTE5uejpjVlOe/izrB70Jof72aM=
golang.org/x/sys v0.0.0-20220412211240-33da011f77ad/go.mod h1:oPkhp1MJrh7nUepCBck5+mAzfO9JrbApNNgaTdGDITg=
golang.org/x/sys v0.0.0-20220825204002-c680a09ffe64 h1:UiNENfZ8gDvpiWw7IpOMQ27spWmThO1RwwdQVbJahJM=
golang.org/x/sys v0.0.0-20220825204002-c680a09ffe64/go.mod h1:oPkhp1MJrh7nUepCBck5+mAzfO9JrbApNNgaTdGDITg=
golang.org/x/tools v0.0.0-20210112230658-8b4aab62c064 h1:BmCFkEH4nJrYcAc2L08yX5RhYGD4j58PTMkEUDkpz2I=
gopkg.in/yaml.v3 v3.0.0-20200313102051-9f266ea9e77c h1:dUUwHk2QECo/6vqA44rthZ8ie2QXMNeKRTHCNY2nXvo=
